github.com/robfig/cron/v3 v3.0.1 h1:WdRxkvbJztn8LMz/QEvLN5sBU+xKpSqwwUO1Pjr4qDs=
github.com/robfig/cron/v3 v3.0.1/go.mod h1:eQICP3HwyT7UooqI/z+Ov+PtYAWygg1TEWWzGIFLtro=
github.com/speps/go-hashids/v2 v2.0.1 h1:ViWOEqWES/pdOSq+C1SLVa8/Tnsd52XC34RY7lt7m4g=
github.com/speps/go-hashids/v2 v2.0.1/go.mod h1:47LKunwvDZki/uRVD6NImtyk712yFzIs3UF3KlHohGw=
golang.org/x/crypto v0.36.0 h1:AnAEvhDddvBdpY+uR+MyHmuZzzNqXSe/GvuDeob5L34=
golang.org/x/crypto v0.36.0/go.mod h1:Y4J0ReaxCR1IMaabaSMugxJES1EpwhBHhv2bDHklZvc=
